lockfileVersion: 5.3

specifiers:
  '@reduxjs/toolkit': ^1.7.2
  '@types/events': ^3.0.0
  '@types/flux': ^3.1.11
  '@types/keymirror': ^0.1.1
  '@types/marked': ^4.0.2
  '@types/phoenix': ^1.5.4
  '@types/phoenix_live_view': ^0.15.1
  '@types/react': ^17.0.39
  '@types/react-dom': ^17.0.11
  classnames: ^2.3.1
  events: ^3.3.0
  flux: ^4.0.3
  highlight.js: ^11.4.0
  immutable: ^4.0.0
  keymirror: ^0.1.1
  marked: ^4.0.12
  prop-types: ^15.8.1
  react: ^17.0.2
  react-dom: ^17.0.2
  react-redux: ^7.2.6

dependencies:
  '@reduxjs/toolkit': 1.7.2_react-redux@7.2.6+react@17.0.2
  classnames: 2.3.1
  events: 3.3.0
  flux: 4.0.3_react@17.0.2
  highlight.js: 11.4.0
  immutable: 4.0.0
  keymirror: 0.1.1
  marked: 4.0.12
  prop-types: 15.8.1
  react: 17.0.2
  react-dom: 17.0.2_react@17.0.2
  react-redux: 7.2.6_react-dom@17.0.2+react@17.0.2

devDependencies:
  '@types/events': 3.0.0
  '@types/flux': 3.1.11
  '@types/keymirror': 0.1.1
  '@types/marked': 4.0.2
  '@types/phoenix': 1.5.4
  '@types/phoenix_live_view': 0.15.1
  '@types/react': 17.0.39
  '@types/react-dom': 17.0.11

packages:

  /@babel/runtime/7.17.2:
    resolution: {integrity: sha512-hzeyJyMA1YGdJTuWU0e/j4wKXrU4OMFvY2MSlaI9B7VQb0r5cxTE3EAIS2Q7Tn2RIcDkRvTA/v2JsAEhxe99uw==}
    engines: {node: '>=6.9.0'}
    dependencies:
      regenerator-runtime: 0.13.9
    dev: false

  /@reduxjs/toolkit/1.7.2_react-redux@7.2.6+react@17.0.2:
    resolution: {integrity: sha512-wwr3//Ar8ZhM9bS58O+HCIaMlR4Y6SNHfuszz9hKnQuFIKvwaL3Kmjo6fpDKUOjo4Lv54Yi299ed8rofCJ/Vjw==}
    peerDependencies:
      react: ^16.9.0 || ^17.0.0 || 18.0.0-beta
      react-redux: ^7.2.1 || ^8.0.0-beta
    peerDependenciesMeta:
      react:
        optional: true
      react-redux:
        optional: true
    dependencies:
      immer: 9.0.12
      react: 17.0.2
      react-redux: 7.2.6_react-dom@17.0.2+react@17.0.2
      redux: 4.1.2
      redux-thunk: 2.4.1_redux@4.1.2
      reselect: 4.1.5
    dev: false

  /@types/events/3.0.0:
    resolution: {integrity: sha512-EaObqwIvayI5a8dCzhFrjKzVwKLxjoG9T6Ppd5CEo07LRKfQ8Yokw54r5+Wq7FaBQ+yXRvQAYPrHwya1/UFt9g==}
    dev: true

  /@types/fbemitter/2.0.32:
    resolution: {integrity: sha1-jtIE2g9U6cjq7DGx7skeJRMtCCw=}
    dev: true

  /@types/flux/3.1.11:
    resolution: {integrity: sha512-Aq4UB1ZqAKcPbhB0GpgMw2sntvOh71he9tjz53TLKrI7rw3Y3LxCW5pTYY9IV455hQapm4pmxFjpqlWOs308Yg==}
    dependencies:
      '@types/fbemitter': 2.0.32
      '@types/react': 17.0.39
    dev: true

  /@types/hoist-non-react-statics/3.3.1:
    resolution: {integrity: sha512-iMIqiko6ooLrTh1joXodJK5X9xeEALT1kM5G3ZLhD3hszxBdIEd5C75U834D9mLcINgD4OyZf5uQXjkuYydWvA==}
    dependencies:
      '@types/react': 17.0.39
      hoist-non-react-statics: 3.3.2
    dev: false

  /@types/keymirror/0.1.1:
    resolution: {integrity: sha1-H+SObl4qlpyv7PDyRIWuI8cqvTA=}
    dev: true

  /@types/marked/4.0.2:
    resolution: {integrity: sha512-auNrZ/c0w6wsM9DccwVxWHssrMDezHUAXNesdp2RQrCVCyrQbOiSq7yqdJKrUQQpw9VTm7CGYJH2A/YG7jjrjQ==}
    dev: true

  /@types/phoenix/1.5.4:
    resolution: {integrity: sha512-L5eZmzw89eXBKkiqVBcJfU1QGx9y+wurRIEgt0cuLH0hwNtVUxtx+6cu0R2STwWj468sjXyBYPYDtGclUd1kjQ==}
    dev: true

  /@types/phoenix_live_view/0.15.1:
    resolution: {integrity: sha512-dWKwJ9xqCHW+3TVfCIVC6/6ZMpURlDcu9qakWL89H5iWoSXs5X7gaKKnPXc7a1IKULieZjHBVkCW0Ui9aRf3Bg==}
    dependencies:
      '@types/phoenix': 1.5.4
    dev: true

  /@types/prop-types/15.7.4:
    resolution: {integrity: sha512-rZ5drC/jWjrArrS8BR6SIr4cWpW09RNTYt9AMZo3Jwwif+iacXAqgVjm0B0Bv/S1jhDXKHqRVNCbACkJ89RAnQ==}

  /@types/react-dom/17.0.11:
    resolution: {integrity: sha512-f96K3k+24RaLGVu/Y2Ng3e1EbZ8/cVJvypZWd7cy0ofCBaf2lcM46xNhycMZ2xGwbBjRql7hOlZ+e2WlJ5MH3Q==}
    dependencies:
      '@types/react': 17.0.39
    dev: true

  /@types/react-redux/7.1.22:
    resolution: {integrity: sha512-GxIA1kM7ClU73I6wg9IRTVwSO9GS+SAKZKe0Enj+82HMU6aoESFU2HNAdNi3+J53IaOHPiUfT3kSG4L828joDQ==}
    dependencies:
      '@types/hoist-non-react-statics': 3.3.1
      '@types/react': 17.0.39
      hoist-non-react-statics: 3.3.2
      redux: 4.1.2
    dev: false

  /@types/react/17.0.39:
    resolution: {integrity: sha512-UVavlfAxDd/AgAacMa60Azl7ygyQNRwC/DsHZmKgNvPmRR5p70AJ5Q9EAmL2NWOJmeV+vVUI4IAP7GZrN8h8Ug==}
    dependencies:
      '@types/prop-types': 15.7.4
      '@types/scheduler': 0.16.2
      csstype: 3.0.10

  /@types/scheduler/0.16.2:
    resolution: {integrity: sha512-hppQEBDmlwhFAXKJX2KnWLYu5yMfi91yazPb2l+lbJiwW+wdo1gNeRA+3RgNSO39WYX2euey41KEwnqesU2Jew==}

  /asap/2.0.6:
    resolution: {integrity: sha1-5QNHYR1+aQlDIIu9r+vLwvuGbUY=}
    dev: false

  /classnames/2.3.1:
    resolution: {integrity: sha512-OlQdbZ7gLfGarSqxesMesDa5uz7KFbID8Kpq/SxIoNGDqY8lSYs0D+hhtBXhcdB3rcbXArFr7vlHheLk1voeNA==}
    dev: false

  /cross-fetch/3.1.5:
    resolution: {integrity: sha512-lvb1SBsI0Z7GDwmuid+mU3kWVBwTVUbe7S0H52yaaAdQOXq2YktTCZdlAcNKFzE6QtRz0snpw9bNiPeOIkkQvw==}
    dependencies:
      node-fetch: 2.6.7
    transitivePeerDependencies:
      - encoding
    dev: false

  /csstype/3.0.10:
    resolution: {integrity: sha512-2u44ZG2OcNUO9HDp/Jl8C07x6pU/eTR3ncV91SiK3dhG9TWvRVsCoJw14Ckx5DgWkzGA3waZWO3d7pgqpUI/XA==}

  /events/3.3.0:
    resolution: {integrity: sha512-mQw+2fkQbALzQ7V0MY0IqdnXNOeTtP4r0lN9z7AAawCXgqea7bDii20AYrIBrFd/Hx0M2Ocz6S111CaFkUcb0Q==}
    engines: {node: '>=0.8.x'}
    dev: false

  /fbemitter/3.0.0:
    resolution: {integrity: sha512-KWKaceCwKQU0+HPoop6gn4eOHk50bBv/VxjJtGMfwmJt3D29JpN4H4eisCtIPA+a8GVBam+ldMMpMjJUvpDyHw==}
    dependencies:
      fbjs: 3.0.4
    transitivePeerDependencies:
      - encoding
    dev: false

  /fbjs-css-vars/1.0.2:
    resolution: {integrity: sha512-b2XGFAFdWZWg0phtAWLHCk836A1Xann+I+Dgd3Gk64MHKZO44FfoD1KxyvbSh0qZsIoXQGGlVztIY+oitJPpRQ==}
    dev: false

  /fbjs/3.0.4:
    resolution: {integrity: sha512-ucV0tDODnGV3JCnnkmoszb5lf4bNpzjv80K41wd4k798Etq+UYD0y0TIfalLjZoKgjive6/adkRnszwapiDgBQ==}
    dependencies:
      cross-fetch: 3.1.5
      fbjs-css-vars: 1.0.2
      loose-envify: 1.4.0
      object-assign: 4.1.1
      promise: 7.3.1
      setimmediate: 1.0.5
      ua-parser-js: 0.7.31
    transitivePeerDependencies:
      - encoding
    dev: false

  /flux/4.0.3_react@17.0.2:
    resolution: {integrity: sha512-yKAbrp7JhZhj6uiT1FTuVMlIAT1J4jqEyBpFApi1kxpGZCvacMVc/t1pMQyotqHhAgvoE3bNvAykhCo2CLjnYw==}
    peerDependencies:
      react: ^15.0.2 || ^16.0.0 || ^17.0.0
    dependencies:
      fbemitter: 3.0.0
      fbjs: 3.0.4
      react: 17.0.2
    transitivePeerDependencies:
      - encoding
    dev: false

  /highlight.js/11.4.0:
    resolution: {integrity: sha512-nawlpCBCSASs7EdvZOYOYVkJpGmAOKMYZgZtUqSRqodZE0GRVcFKwo1RcpeOemqh9hyttTdd5wDBwHkuSyUfnA==}
    engines: {node: '>=12.0.0'}
    dev: false

  /hoist-non-react-statics/3.3.2:
    resolution: {integrity: sha512-/gGivxi8JPKWNm/W0jSmzcMPpfpPLc3dY/6GxhX2hQ9iGj3aDfklV4ET7NjKpSinLpJ5vafa9iiGIEZg10SfBw==}
    dependencies:
      react-is: 16.13.1
    dev: false

  /immer/9.0.12:
    resolution: {integrity: sha512-lk7UNmSbAukB5B6dh9fnh5D0bJTOFKxVg2cyJWTYrWRfhLrLMBquONcUs3aFq507hNoIZEDDh8lb8UtOizSMhA==}
    dev: false

  /immutable/4.0.0:
    resolution: {integrity: sha512-zIE9hX70qew5qTUjSS7wi1iwj/l7+m54KWU247nhM3v806UdGj1yDndXj+IOYxxtW9zyLI+xqFNZjTuDaLUqFw==}
    dev: false

  /js-tokens/4.0.0:
    resolution: {integrity: sha512-RdJUflcE3cUzKiMqQgsCu06FPu9UdIJO0beYbPhHN4k6apgJtifcoCtT9bcxOpYBtpD2kCM6Sbzg4CausW/PKQ==}
    dev: false

  /keymirror/0.1.1:
    resolution: {integrity: sha1-kYiJ6hP40KQufFVyUO7nE63JXDU=}
    dev: false

  /loose-envify/1.4.0:
    resolution: {integrity: sha512-lyuxPGr/Wfhrlem2CL/UcnUc1zcqKAImBDzukY7Y5F/yQiNdko6+fRLevlw1HgMySw7f611UIY408EtxRSoK3Q==}
    hasBin: true
    dependencies:
      js-tokens: 4.0.0
    dev: false

  /marked/4.0.12:
    resolution: {integrity: sha512-hgibXWrEDNBWgGiK18j/4lkS6ihTe9sxtV4Q1OQppb/0zzyPSzoFANBa5MfsG/zgsWklmNnhm0XACZOH/0HBiQ==}
    engines: {node: '>= 12'}
    hasBin: true
    dev: false

  /node-fetch/2.6.7:
    resolution: {integrity: sha512-ZjMPFEfVx5j+y2yF35Kzx5sF7kDzxuDj6ziH4FFbOp87zKDZNx8yExJIb05OGF4Nlt9IHFIMBkRl41VdvcNdbQ==}
    engines: {node: 4.x || >=6.0.0}
    peerDependencies:
      encoding: ^0.1.0
    peerDependenciesMeta:
      encoding:
        optional: true
    dependencies:
      whatwg-url: 5.0.0
    dev: false

  /object-assign/4.1.1:
    resolution: {integrity: sha1-IQmtx5ZYh8/AXLvUQsrIv7s2CGM=}
    engines: {node: '>=0.10.0'}
    dev: false

  /promise/7.3.1:
    resolution: {integrity: sha512-nolQXZ/4L+bP/UGlkfaIujX9BKxGwmQ9OT4mOt5yvy8iK1h3wqTEJCijzGANTCCl9nWjY41juyAn2K3Q1hLLTg==}
    dependencies:
      asap: 2.0.6
    dev: false

  /prop-types/15.8.1:
    resolution: {integrity: sha512-oj87CgZICdulUohogVAR7AjlC0327U4el4L6eAvOqCeudMDVU0NThNaV+b9Df4dXgSP1gXMTnPdhfe/2qDH5cg==}
    dependencies:
      loose-envify: 1.4.0
      object-assign: 4.1.1
      react-is: 16.13.1
    dev: false

  /react-dom/17.0.2_react@17.0.2:
    resolution: {integrity: sha512-s4h96KtLDUQlsENhMn1ar8t2bEa+q/YAtj8pPPdIjPDGBDIVNsrD9aXNWqspUe6AzKCIG0C1HZZLqLV7qpOBGA==}
    peerDependencies:
      react: 17.0.2
    dependencies:
      loose-envify: 1.4.0
      object-assign: 4.1.1
      react: 17.0.2
      scheduler: 0.20.2
    dev: false

  /react-is/16.13.1:
    resolution: {integrity: sha512-24e6ynE2H+OKt4kqsOvNd8kBpV65zoxbA4BVsEOB3ARVWQki/DHzaUoC5KuON/BiccDaCCTZBuOcfZs70kR8bQ==}
    dev: false

  /react-is/17.0.2:
    resolution: {integrity: sha512-w2GsyukL62IJnlaff/nRegPQR94C/XXamvMWmSHRJ4y7Ts/4ocGRmTHvOs8PSE6pB3dWOrD/nueuU5sduBsQ4w==}
    dev: false

  /react-redux/7.2.6_react-dom@17.0.2+react@17.0.2:
    resolution: {integrity: sha512-10RPdsz0UUrRL1NZE0ejTkucnclYSgXp5q+tB5SWx2qeG2ZJQJyymgAhwKy73yiL/13btfB6fPr+rgbMAaZIAQ==}
    peerDependencies:
      react: ^16.8.3 || ^17
      react-dom: '*'
      react-native: '*'
    peerDependenciesMeta:
      react-dom:
        optional: true
      react-native:
        optional: true
    dependencies:
      '@babel/runtime': 7.17.2
      '@types/react-redux': 7.1.22
      hoist-non-react-statics: 3.3.2
      loose-envify: 1.4.0
      prop-types: 15.8.1
      react: 17.0.2
      react-dom: 17.0.2_react@17.0.2
      react-is: 17.0.2
    dev: false

  /react/17.0.2:
    resolution: {integrity: sha512-gnhPt75i/dq/z3/6q/0asP78D0u592D5L1pd7M8P+dck6Fu/jJeL6iVVK23fptSUZj8Vjf++7wXA8UNclGQcbA==}
    engines: {node: '>=0.10.0'}
    dependencies:
      loose-envify: 1.4.0
      object-assign: 4.1.1
    dev: false

  /redux-thunk/2.4.1_redux@4.1.2:
    resolution: {integrity: sha512-OOYGNY5Jy2TWvTL1KgAlVy6dcx3siPJ1wTq741EPyUKfn6W6nChdICjZwCd0p8AZBs5kWpZlbkXW2nE/zjUa+Q==}
    peerDependencies:
      redux: ^4
    dependencies:
      redux: 4.1.2
    dev: false

  /redux/4.1.2:
    resolution: {integrity: sha512-SH8PglcebESbd/shgf6mii6EIoRM0zrQyjcuQ+ojmfxjTtE0z9Y8pa62iA/OJ58qjP6j27uyW4kUF4jl/jd6sw==}
    dependencies:
      '@babel/runtime': 7.17.2
    dev: false

  /regenerator-runtime/0.13.9:
    resolution: {integrity: sha512-p3VT+cOEgxFsRRA9X4lkI1E+k2/CtnKtU4gcxyaCUreilL/vqI6CdZ3wxVUx3UOUg+gnUOQQcRI7BmSI656MYA==}
    dev: false

  /reselect/4.1.5:
    resolution: {integrity: sha512-uVdlz8J7OO+ASpBYoz1Zypgx0KasCY20H+N8JD13oUMtPvSHQuscrHop4KbXrbsBcdB9Ds7lVK7eRkBIfO43vQ==}
    dev: false

  /scheduler/0.20.2:
    resolution: {integrity: sha512-2eWfGgAqqWFGqtdMmcL5zCMK1U8KlXv8SQFGglL3CEtd0aDVDWgeF/YoCmvln55m5zSk3J/20hTaSBeSObsQDQ==}
    dependencies:
      loose-envify: 1.4.0
      object-assign: 4.1.1
    dev: false

  /setimmediate/1.0.5:
    resolution: {integrity: sha1-KQy7Iy4waULX1+qbg3Mqt4VvgoU=}
    dev: false

  /tr46/0.0.3:
    resolution: {integrity: sha1-gYT9NH2snNwYWZLzpmIuFLnZq2o=}
    dev: false

  /ua-parser-js/0.7.31:
    resolution: {integrity: sha512-qLK/Xe9E2uzmYI3qLeOmI0tEOt+TBBQyUIAh4aAgU05FVYzeZrKUdkAZfBNVGRaHVgV0TDkdEngJSw/SyQchkQ==}
    dev: false

  /webidl-conversions/3.0.1:
    resolution: {integrity: sha1-JFNCdeKnvGvnvIZhHMFq4KVlSHE=}
    dev: false

  /whatwg-url/5.0.0:
    resolution: {integrity: sha1-lmRU6HZUYuN2RNNib2dCzotwll0=}
    dependencies:
      tr46: 0.0.3
      webidl-conversions: 3.0.1
    dev: false
